{
  "name": "doc",
  "version": "0.0.8",
  "lockfileVersion": 1,
  "requires": true,
  "dependencies": {
    "@docusaurus/module-type-aliases": {
      "version": "2.0.0-beta.0",
      "resolved": "https://registry.npmjs.org/@docusaurus/module-type-aliases/-/module-type-aliases-2.0.0-beta.0.tgz",
      "integrity": "sha512-Yj+7hjy5pCK4DQ3l2JDGBF4bMY63MV/z18WK7REHniyqC66IJQT+0Gpb6Q+Oz8e2Og8AsyWIbfTXvsFWK0UhJA==",
      "dev": true
    },
    "@tsconfig/docusaurus": {
      "version": "1.0.2",
      "resolved": "https://registry.npmjs.org/@tsconfig/docusaurus/-/docusaurus-1.0.2.tgz",
      "integrity": "sha512-x4rRVb346vjyym6QbeB1Tv01XXwhbkujOmvDmtf0bT20oc2gbDhbmwpskKqZ5Of2Q/Vk4jNk1WMiLsZdJ9t7Dw==",
      "dev": true
    },
    "@types/history": {
      "version": "4.7.8",
      "resolved": "https://registry.npmjs.org/@types/history/-/history-4.7.8.tgz",
      "integrity": "sha512-S78QIYirQcUoo6UJZx9CSP0O2ix9IaeAXwQi26Rhr/+mg7qqPy8TzaxHSUut7eGjL8WmLccT7/MXf304WjqHcA==",
      "dev": true
    },
    "@types/prop-types": {
      "version": "15.7.3",
      "resolved": "https://registry.npmjs.org/@types/prop-types/-/prop-types-15.7.3.tgz",
      "integrity": "sha512-KfRL3PuHmqQLOG+2tGpRO26Ctg+Cq1E01D2DMriKEATHgWLfeNDmq9e29Q9WIky0dQ3NPkd1mzYH8Lm936Z9qw==",
      "dev": true
    },
    "@types/react": {
      "version": "17.0.11",
      "resolved": "https://registry.npmjs.org/@types/react/-/react-17.0.11.tgz",
      "integrity": "sha512-yFRQbD+whVonItSk7ZzP/L+gPTJVBkL/7shLEF+i9GC/1cV3JmUxEQz6+9ylhUpWSDuqo1N9qEvqS6vTj4USUA==",
      "dev": true,
      "requires": {
        "@types/prop-types": "*",
        "@types/scheduler": "*",
        "csstype": "^3.0.2"
      }
    },
    "@types/react-helmet": {
      "version": "6.1.1",
      "resolved": "https://registry.npmjs.org/@types/react-helmet/-/react-helmet-6.1.1.tgz",
      "integrity": "sha512-VmSCMz6jp/06DABoY60vQa++h1YFt0PfAI23llxBJHbowqFgLUL0dhS1AQeVPNqYfRp9LAfokrfWACTNeobOrg==",
      "dev": true,
      "requires": {
        "@types/react": "*"
      }
    },
    "@types/react-router": {
      "version": "5.1.15",
      "resolved": "https://registry.npmjs.org/@types/react-router/-/react-router-5.1.15.tgz",
      "integrity": "sha512-z3UlMG/x91SFEVmmvykk9FLTliDvfdIUky4k2rCfXWQ0NKbrP8o9BTCaCTPuYsB8gDkUnUmkcA2vYlm2DR+HAA==",
      "dev": true,
      "requires": {
        "@types/history": "*",
        "@types/react": "*"
      }
    },
    "@types/react-router-dom": {
      "version": "5.1.7",
      "resolved": "https://registry.npmjs.org/@types/react-router-dom/-/react-router-dom-5.1.7.tgz",
      "integrity": "sha512-D5mHD6TbdV/DNHYsnwBTv+y73ei+mMjrkGrla86HthE4/PVvL1J94Bu3qABU+COXzpL23T1EZapVVpwHuBXiUg==",
      "dev": true,
      "requires": {
        "@types/history": "*",
        "@types/react": "^17.0.11",
        "@types/react-router": "*"
      }
    },
    "@types/scheduler": {
      "version": "0.16.1",
      "resolved": "https://registry.npmjs.org/@types/scheduler/-/scheduler-0.16.1.tgz",
      "integrity": "sha512-EaCxbanVeyxDRTQBkdLb3Bvl/HK7PBK6UJjsSixB0iHKoWxE5uu2Q/DgtpOhPIojN0Zl1whvOd7PoHs2P0s5eA==",
      "dev": true
    },
    "csstype": {
      "version": "3.0.8",
      "resolved": "https://registry.npmjs.org/csstype/-/csstype-3.0.8.tgz",
      "integrity": "sha512-jXKhWqXPmlUeoQnF/EhTtTl4C9SnrxSH/jZUih3jmO6lBKr99rP3/+FmrMj4EFpOXzMtXHAZkd3x0E6h6Fgflw==",
      "dev": true
    },
    "typescript": {
      "version": "4.3.4",
      "resolved": "https://registry.npmjs.org/typescript/-/typescript-4.3.4.tgz",
      "integrity": "sha512-uauPG7XZn9F/mo+7MrsRjyvbxFpzemRjKEZXS4AK83oP2KKOJPvb+9cO/gmnv8arWZvhnjVOXz7B49m1l0e9Ew==",
      "dev": true
    }
  }
}
